
Microsoft Visual Studio Solution File, Format Version 12.00
# Visual Studio Version 17
VisualStudioVersion = 17.8.34330.188
MinimumVisualStudioVersion = 10.0.40219.1
Project("{9A19103F-16F7-4668-BE54-9A1E7A4F7556}") = "FormulaPredictions", "FormulaPredictions\FormulaPredictions\FormulaPredictions.csproj", "{8B9BA218-3188-4E49-879C-D59D26FABEA3}"
EndProject
Project("{9A19103F-16F7-4668-BE54-9A1E7A4F7556}") = "FormulaPredictions.Client", "FormulaPredictions\FormulaPredictions.Client\FormulaPredictions.Client.csproj", "{3786A7B9-6B16-4968-B755-C0FEB7B314A8}"
EndProject
Project("{FAE04EC0-301F-11D3-BF4B-00C04F79EFBC}") = "FormulaPredictions.Shared", "FormulaPredictions.Shared\FormulaPredictions.Shared.csproj", "{56622C30-123C-4748-ADB3-B3F8342DF8CB}"
EndProject
Global
	GlobalSection(SolutionConfigurationPlatforms) = preSolution
		Debug|Any CPU = Debug|Any CPU
		Release|Any CPU = Release|Any CPU
	EndGlobalSection
	GlobalSection(ProjectConfigurationPlatforms) = postSolution
		{8B9BA218-3188-4E49-879C-D59D26FABEA3}.Debug|Any CPU.ActiveCfg = Debug|Any CPU
		{8B9BA218-3188-4E49-879C-D59D26FABEA3}.Debug|Any CPU.Build.0 = Debug|Any CPU
		{8B9BA218-3188-4E49-879C-D59D26FABEA3}.Release|Any CPU.ActiveCfg = Release|Any CPU
		{8B9BA218-3188-4E49-879C-D59D26FABEA3}.Release|Any CPU.Build.0 = Release|Any CPU
		{3786A7B9-6B16-4968-B755-C0FEB7B314A8}.Debug|Any CPU.ActiveCfg = Debug|Any CPU
		{3786A7B9-6B16-4968-B755-C0FEB7B314A8}.Debug|Any CPU.Build.0 = Debug|Any CPU
		{3786A7B9-6B16-4968-B755-C0FEB7B314A8}.Release|Any CPU.ActiveCfg = Release|Any CPU
		{3786A7B9-6B16-4968-B755-C0FEB7B314A8}.Release|Any CPU.Build.0 = Release|Any CPU
		{56622C30-123C-4748-ADB3-B3F8342DF8CB}.Debug|Any CPU.ActiveCfg = Debug|Any CPU
		{56622C30-123C-4748-ADB3-B3F8342DF8CB}.Debug|Any CPU.Build.0 = Debug|Any CPU
		{56622C30-123C-4748-ADB3-B3F8342DF8CB}.Release|Any CPU.ActiveCfg = Release|Any CPU
		{56622C30-123C-4748-ADB3-B3F8342DF8CB}.Release|Any CPU.Build.0 = Release|Any CPU
	EndGlobalSection
	GlobalSection(SolutionProperties) = preSolution
		HideSolutionNode = FALSE
	EndGlobalSection
	GlobalSection(ExtensibilityGlobals) = postSolution
		SolutionGuid = {ADF2F164-DFD0-4DB8-BB4A-882C6E0D209F}
	EndGlobalSection
EndGlobal
