
Microsoft Visual Studio Solution File, Format Version 12.00
# Visual Studio Version 17
VisualStudioVersion = 17.8.34330.188
MinimumVisualStudioVersion = 10.0.40219.1
Project("{FAE04EC0-301F-11D3-BF4B-00C04F79EFBC}") = "FormulaPredictions", "FormulaPredictions\FormulaPredictions\FormulaPredictions.csproj", "{B04AFBBA-2A13-449F-9875-1795126C2520}"
EndProject
Project("{FAE04EC0-301F-11D3-BF4B-00C04F79EFBC}") = "FormulaPredictions.Client", "FormulaPredictions\FormulaPredictions.Client\FormulaPredictions.Client.csproj", "{307D5AFB-10F8-4CC5-B160-1D833BBFDDC8}"
EndProject
Global
	GlobalSection(SolutionConfigurationPlatforms) = preSolution
		Debug|Any CPU = Debug|Any CPU
		Release|Any CPU = Release|Any CPU
	EndGlobalSection
	GlobalSection(ProjectConfigurationPlatforms) = postSolution
		{B04AFBBA-2A13-449F-9875-1795126C2520}.Debug|Any CPU.ActiveCfg = Debug|Any CPU
		{B04AFBBA-2A13-449F-9875-1795126C2520}.Debug|Any CPU.Build.0 = Debug|Any CPU
		{B04AFBBA-2A13-449F-9875-1795126C2520}.Release|Any CPU.ActiveCfg = Release|Any CPU
		{B04AFBBA-2A13-449F-9875-1795126C2520}.Release|Any CPU.Build.0 = Release|Any CPU
		{307D5AFB-10F8-4CC5-B160-1D833BBFDDC8}.Debug|Any CPU.ActiveCfg = Debug|Any CPU
		{307D5AFB-10F8-4CC5-B160-1D833BBFDDC8}.Debug|Any CPU.Build.0 = Debug|Any CPU
		{307D5AFB-10F8-4CC5-B160-1D833BBFDDC8}.Release|Any CPU.ActiveCfg = Release|Any CPU
		{307D5AFB-10F8-4CC5-B160-1D833BBFDDC8}.Release|Any CPU.Build.0 = Release|Any CPU
	EndGlobalSection
	GlobalSection(SolutionProperties) = preSolution
		HideSolutionNode = FALSE
	EndGlobalSection
	GlobalSection(ExtensibilityGlobals) = postSolution
		SolutionGuid = {27530886-BE08-4793-B2B1-A58290460B47}
	EndGlobalSection
EndGlobal
